
Microsoft Visual Studio Solution File, Format Version 12.00
# Visual Studio Version 17
VisualStudioVersion = 17.13.35806.99
MinimumVisualStudioVersion = 10.0.40219.1
Project("{FAE04EC0-301F-11D3-BF4B-00C04F79EFBC}") = "Gateway.Api", "Gateway.Api\Gateway.Api.csproj", "{762CC879-5703-4A75-851E-161AB5D4C9ED}"
EndProject
Global
	GlobalSection(SolutionConfigurationPlatforms) = preSolution
		Debug|Any CPU = Debug|Any CPU
		Release|Any CPU = Release|Any CPU
	EndGlobalSection
	GlobalSection(ProjectConfigurationPlatforms) = postSolution
		{762CC879-5703-4A75-851E-161AB5D4C9ED}.Debug|Any CPU.ActiveCfg = Debug|Any CPU
		{762CC879-5703-4A75-851E-161AB5D4C9ED}.Debug|Any CPU.Build.0 = Debug|Any CPU
		{762CC879-5703-4A75-851E-161AB5D4C9ED}.Release|Any CPU.ActiveCfg = Release|Any CPU
		{762CC879-5703-4A75-851E-161AB5D4C9ED}.Release|Any CPU.Build.0 = Release|Any CPU
	EndGlobalSection
	GlobalSection(SolutionProperties) = preSolution
		HideSolutionNode = FALSE
	EndGlobalSection
	GlobalSection(ExtensibilityGlobals) = postSolution
		SolutionGuid = {0D140DCE-9CD6-48FA-9D30-4A7D07F7BDB1}
	EndGlobalSection
EndGlobal
